{
  "originHash" : "51678194f516279f7b3e6fb21013db01e400ff717bfe8ac1193a068df3ece14d",
  "pins" : [
    {
      "identity" : "socket",
      "kind" : "remoteSourceControl",
      "location" : "https://github.com/PureSwift/Socket.git",
      "state" : {
        "branch" : "main",
        "revision" : "c7293f7f0e9ec6be712c4e4cc13eec246cd760ff"
      }
    },
    {
      "identity" : "swift-system",
      "kind" : "remoteSourceControl",
      "location" : "https://github.com/apple/swift-system",
      "state" : {
        "revision" : "50688cacbd41d547e9eb9f7a213542340b7c442b",
        "version" : "1.7.5"
      }
    }
  ],
  "version" : 3
}
